{
  "lockfile-version": 1,
  "manifest": {
    "schema-version": "1.15.0",
    "install": {
      "python312": {
        "pkg-path": "python312"
      },
      "uv": {
        "pkg-path": "uv"
      }
    },
    "options": {}
  },
  "packages": [
    {
      "attr_path": "python312",
      "broken": false,
      "derivation": "/nix/store/fr9glmq821csp4nnylyivj0wjr0yfizw-python3-3.12.15.drv",
      "description": "High-level dynamically-typed programming language",
      "install_id": "python312",
      "license": "Python-2.0",
      "locked_url": "https://github.com/flox/nixpkgs?rev=151fa4e8ddfdd8dd25d945ad94ed54a13de9f6e4",
      "name": "python3-3.12.15",
      "pname": "python312",
      "rev": "151fa4e8ddfdd8dd25d945ad94ed54a13de9f6e4",
      "rev_count": 1086391,
      "rev_date": "2026-10-06T04:29:54Z",
      "scrape_date": "2026-10-07T05:00:20.768287Z",
      "stabilities": [
        "unstable"
      ],
      "unfree": false,
      "version": "python3-3.12.15",
      "outputs_to_install": [
        "out"
      ],
      "outputs": {
        "out": "/nix/store/wki0ba66wcjwx0yxn36bgr08jgcn9bdj-python3-3.12.15"
      },
      "system": "aarch64-darwin",
      "group": "toplevel",
      "priority": 5
    },
    {
      "attr_path": "python312",
      "broken": false,
      "derivation": "/nix/store/r88ddg2v26zd8vsd3h1q3i5nffjmmkzm-python3-3.12.15.drv",
      "description": "High-level dynamically-typed programming language",
      "install_id": "python312",
      "license": "Python-2.0",
      "locked_url": "https://github.com/flox/nixpkgs?rev=151fa4e8ddfdd8dd25d945ad94ed54a13de9f6e4",
      "name": "python3-3.12.15",
      "pname": "python312",
      "rev": "151fa4e8ddfdd8dd25d945ad94ed54a13de9f6e4",
      "rev_count": 1086391,
      "rev_date": "2026-10-06T04:29:54Z",
      "scrape_date": "2026-10-07T05:32:53.537194Z",
      "stabilities": [
        "unstable"
      ],
      "unfree": false,
      "version": "python3-3.12.15",
      "outputs_to_install": [
        "out"
      ],
      "outputs": {
        "debug": "/nix/store/q5h1455f2swvmwpqkiswrl946fgs2h24-python3-3.12.15-debug",
        "out": "/nix/store/pan3ykbb4wj84c6lhy2zb27pifyd48af-python3-3.12.15"
      },
      "system": "aarch64-linux",
      "group": "toplevel",
      "priority": 5
    },
    {
      "attr_path": "python312",
      "broken": false,
      "derivation": "/nix/store/3bm2l95g22hyn7gniwy1npncpjiw8m7v-python3-3.12.15.drv",
      "description": "High-level dynamically-typed programming language",
      "install_id": "python312",
      "license": "Python-2.0",
      "locked_url": "https://github.com/flox/nixpkgs?rev=151fa4e8ddfdd8dd25d945ad94ed54a13de9f6e4",
      "name": "python3-3.12.15",
      "pname": "python312",
      "rev": "151fa4e8ddfdd8dd25d945ad94ed54a13de9f6e4",
      "rev_count": 1086391,
      "rev_date": "2026-10-06T04:29:54Z",
      "scrape_date": "2026-10-07T06:09:40.276538Z",
      "stabilities": [
        "unstable"
      ],
      "unfree": false,
      "version": "python3-3.12.15",
      "outputs_to_install": [
        "out"
      ],
      "outputs": {
        "debug": "/nix/store/8965kbzqdvqmjy5zs4lxvy09g1qy9szm-python3-3.12.15-debug",
        "out": "/nix/store/v7wvwm1bpm6kzlqgw33m98arm7sw40ln-python3-3.12.15"
      },
      "system": "x86_64-linux",
      "group": "toplevel",
      "priority": 5
    },
    {
      "attr_path": "uv",
      "broken": false,
      "derivation": "/nix/store/ypykn3ns3ha2jmbsis4pzjwh1jxj5mzp-uv-0.12.22.drv",
      "description": "Extremely fast Python package installer and resolver, written in Rust",
      "install_id": "uv",
      "license": "[ Apache-2.0, MIT ]",
      "locked_url": "https://github.com/flox/nixpkgs?rev=151fa4e8ddfdd8dd25d945ad94ed54a13de9f6e4",
      "name": "uv-0.12.22",
      "pname": "uv",
      "rev": "151fa4e8ddfdd8dd25d945ad94ed54a13de9f6e4",
      "rev_count": 1086391,
      "rev_date": "2026-10-06T04:29:54Z",
      "scrape_date": "2026-10-07T05:02:28.277107Z",
      "stabilities": [
        "unstable"
      ],
      "unfree": false,
      "version": "0.12.22",
      "outputs_to_install": [
        "out",
        "out"
      ],
      "outputs": {
        "out": "/nix/store/9wqgn9s77g5fb9rkl37d8926g7zb188w-uv-0.12.22"
      },
      "system": "aarch64-darwin",
      "group": "toplevel",
      "priority": 5
    },
    {
      "attr_path": "uv",
      "broken": false,
      "derivation": "/nix/store/4vid9cd5y0ng5i54jvw6s91k86n8saw3-uv-0.12.22.drv",
      "description": "Extremely fast Python package installer and resolver, written in Rust",
      "install_id": "uv",
      "license": "[ Apache-2.0, MIT ]",
      "locked_url": "https://github.com/flox/nixpkgs?rev=151fa4e8ddfdd8dd25d945ad94ed54a13de9f6e4",
      "name": "uv-0.12.22",
      "pname": "uv",
      "rev": "151fa4e8ddfdd8dd25d945ad94ed54a13de9f6e4",
      "rev_count": 1086391,
      "rev_date": "2026-10-06T04:29:54Z",
      "scrape_date": "2026-10-07T05:35:31.632975Z",
      "stabilities": [
        "unstable"
      ],
      "unfree": false,
      "version": "0.12.22",
      "outputs_to_install": [
        "out",
        "out"
      ],
      "outputs": {
        "out": "/nix/store/hzxpa7jp7d49vyiff2i56xmqval9jd1z-uv-0.12.22"
      },
      "system": "aarch64-linux",
      "group": "toplevel",
      "priority": 5
    },
    {
      "attr_path": "uv",
      "broken": false,
      "derivation": "/nix/store/rn37pdffz3dv65vhlh0vrgzr0s6kp0lx-uv-0.12.22.drv",
      "description": "Extremely fast Python package installer and resolver, written in Rust",
      "install_id": "uv",
      "license": "[ Apache-2.0, MIT ]",
      "locked_url": "https://github.com/flox/nixpkgs?rev=151fa4e8ddfdd8dd25d945ad94ed54a13de9f6e4",
      "name": "uv-0.12.22",
      "pname": "uv",
      "rev": "151fa4e8ddfdd8dd25d945ad94ed54a13de9f6e4",
      "rev_count": 1086391,
      "rev_date": "2026-10-06T04:29:54Z",
      "scrape_date": "2026-10-07T06:12:22.579886Z",
      "stabilities": [
        "unstable"
      ],
      "unfree": false,
      "version": "0.12.22",
      "outputs_to_install": [
        "out",
        "out"
      ],
      "outputs": {
        "out": "/nix/store/3d7jqda0wk5iiw42wsv51ihxvg6z3w8y-uv-0.12.22"
      },
      "system": "x86_64-linux",
      "group": "toplevel",
      "priority": 5
    }
  ]
}
