{
  "lockfile-version": 1,
  "manifest": {
    "schema-version": "1.15.0",
    "install": {
      "atlas": {
        "pkg-path": "atlas"
      },
      "jdk25": {
        "pkg-path": "jdk25"
      }
    },
    "hook": {},
    "profile": {},
    "options": {}
  },
  "packages": [
    {
      "attr_path": "atlas",
      "broken": false,
      "derivation": "/nix/store/ms38ffv3sh2nxv73srcbxprwl87av290-atlas-1.3.0.drv",
      "description": "Manage your database schema as code",
      "install_id": "atlas",
      "license": "Apache-2.0",
      "locked_url": "https://github.com/flox/nixpkgs?rev=7a0f122f5090cf4c2ade2a13a0e229d4e19ba71f",
      "name": "atlas-1.3.0",
      "pname": "atlas",
      "rev": "7a0f122f5090cf4c2ade2a13a0e229d4e19ba71f",
      "rev_count": 1080855,
      "rev_date": "2026-09-28T06:58:16Z",
      "scrape_date": "2026-09-29T04:58:27.481384Z",
      "stabilities": [
        "unstable"
      ],
      "unfree": false,
      "version": "1.3.0",
      "outputs_to_install": [
        "out"
      ],
      "outputs": {
        "out": "/nix/store/xzfhicvlahpq8wk3cwqmls9y6r96byln-atlas-1.3.0"
      },
      "system": "aarch64-darwin",
      "group": "toplevel",
      "priority": 5
    },
    {
      "attr_path": "atlas",
      "broken": false,
      "derivation": "/nix/store/z2k9mv4gs0cyql62i1shfiwvam9g81gc-atlas-1.3.0.drv",
      "description": "Manage your database schema as code",
      "install_id": "atlas",
      "license": "Apache-2.0",
      "locked_url": "https://github.com/flox/nixpkgs?rev=7a0f122f5090cf4c2ade2a13a0e229d4e19ba71f",
      "name": "atlas-1.3.0",
      "pname": "atlas",
      "rev": "7a0f122f5090cf4c2ade2a13a0e229d4e19ba71f",
      "rev_count": 1080855,
      "rev_date": "2026-09-28T06:58:16Z",
      "scrape_date": "2026-09-29T05:29:59.808710Z",
      "stabilities": [
        "unstable"
      ],
      "unfree": false,
      "version": "1.3.0",
      "outputs_to_install": [
        "out"
      ],
      "outputs": {
        "out": "/nix/store/7ydzr39ndamiqphha6sgqdnkqspiymly-atlas-1.3.0"
      },
      "system": "aarch64-linux",
      "group": "toplevel",
      "priority": 5
    },
    {
      "attr_path": "atlas",
      "broken": false,
      "derivation": "/nix/store/bjjp6js39dsvq1n47h634vibv5kqlxks-atlas-1.3.0.drv",
      "description": "Manage your database schema as code",
      "install_id": "atlas",
      "license": "Apache-2.0",
      "locked_url": "https://github.com/flox/nixpkgs?rev=7a0f122f5090cf4c2ade2a13a0e229d4e19ba71f",
      "name": "atlas-1.3.0",
      "pname": "atlas",
      "rev": "7a0f122f5090cf4c2ade2a13a0e229d4e19ba71f",
      "rev_count": 1080855,
      "rev_date": "2026-09-28T06:58:16Z",
      "scrape_date": "2026-09-29T06:06:00.403048Z",
      "stabilities": [
        "unstable"
      ],
      "unfree": false,
      "version": "1.3.0",
      "outputs_to_install": [
        "out"
      ],
      "outputs": {
        "out": "/nix/store/m6jqbqd8h7qvp72rxlk547mnyhb8ik27-atlas-1.3.0"
      },
      "system": "x86_64-linux",
      "group": "toplevel",
      "priority": 5
    },
    {
      "attr_path": "jdk25",
      "broken": false,
      "derivation": "/nix/store/dyh1msql1igysmxa0gr8blj71dwcfv6k-zulu-ca-jdk-25.0.3.drv",
      "description": "Certified builds of OpenJDK",
      "install_id": "jdk25",
      "license": "GPL-2.0-only",
      "locked_url": "https://github.com/flox/nixpkgs?rev=7a0f122f5090cf4c2ade2a13a0e229d4e19ba71f",
      "name": "zulu-ca-jdk-25.0.3",
      "pname": "jdk25",
      "rev": "7a0f122f5090cf4c2ade2a13a0e229d4e19ba71f",
      "rev_count": 1080855,
      "rev_date": "2026-09-28T06:58:16Z",
      "scrape_date": "2026-09-29T04:58:44.812478Z",
      "stabilities": [
        "unstable"
      ],
      "unfree": false,
      "version": "25.0.3",
      "outputs_to_install": [
        "out"
      ],
      "outputs": {
        "out": "/nix/store/cv14k7dgglyhjqlqpcj0rgrqdbsrvg02-zulu-ca-jdk-25.0.3"
      },
      "system": "aarch64-darwin",
      "group": "toplevel",
      "priority": 5
    },
    {
      "attr_path": "jdk25",
      "broken": false,
      "derivation": "/nix/store/nlq8cwvbhi0j5fqispdysabshgdd427n-openjdk-25.0.4.1+1.drv",
      "description": "Open-source Java Development Kit",
      "install_id": "jdk25",
      "license": "GPL-2.0-only",
      "locked_url": "https://github.com/flox/nixpkgs?rev=7a0f122f5090cf4c2ade2a13a0e229d4e19ba71f",
      "name": "openjdk-25.0.4.1+1",
      "pname": "jdk25",
      "rev": "7a0f122f5090cf4c2ade2a13a0e229d4e19ba71f",
      "rev_count": 1080855,
      "rev_date": "2026-09-28T06:58:16Z",
      "scrape_date": "2026-09-29T05:30:22.988116Z",
      "stabilities": [
        "unstable"
      ],
      "unfree": false,
      "version": "25.0.4.1+1",
      "outputs_to_install": [
        "out"
      ],
      "outputs": {
        "debug": "/nix/store/rnazkz0sv75c1vl81m05kwd5g94my964-openjdk-25.0.4.1+1-debug",
        "out": "/nix/store/dl7vqkb450hdgn6h5bqa9fx335jzm9d3-openjdk-25.0.4.1+1"
      },
      "system": "aarch64-linux",
      "group": "toplevel",
      "priority": 5
    },
    {
      "attr_path": "jdk25",
      "broken": false,
      "derivation": "/nix/store/hz3alqbwnkd7g21l2cs6p9msg3rxa7l1-openjdk-25.0.4.1+1.drv",
      "description": "Open-source Java Development Kit",
      "install_id": "jdk25",
      "license": "GPL-2.0-only",
      "locked_url": "https://github.com/flox/nixpkgs?rev=7a0f122f5090cf4c2ade2a13a0e229d4e19ba71f",
      "name": "openjdk-25.0.4.1+1",
      "pname": "jdk25",
      "rev": "7a0f122f5090cf4c2ade2a13a0e229d4e19ba71f",
      "rev_count": 1080855,
      "rev_date": "2026-09-28T06:58:16Z",
      "scrape_date": "2026-09-29T06:06:24.202915Z",
      "stabilities": [
        "unstable"
      ],
      "unfree": false,
      "version": "25.0.4.1+1",
      "outputs_to_install": [
        "out"
      ],
      "outputs": {
        "debug": "/nix/store/xxr2nx40lqd45winf7k716w4py09krnb-openjdk-25.0.4.1+1-debug",
        "out": "/nix/store/55y3dbgp7xc1x1c6s0vh8mzf9fprywl2-openjdk-25.0.4.1+1"
      },
      "system": "x86_64-linux",
      "group": "toplevel",
      "priority": 5
    }
  ]
}
