{
  "lockfile-version": 1,
  "manifest": {
    "schema-version": "1.15.0",
    "install": {
      "jdk25": {
        "pkg-path": "jdk25"
      }
    },
    "hook": {},
    "profile": {},
    "options": {}
  },
  "packages": [
    {
      "attr_path": "jdk25",
      "broken": false,
      "derivation": "/nix/store/dyh1msql1igysmxa0gr8blj71dwcfv6k-zulu-ca-jdk-25.0.3.drv",
      "description": "Certified builds of OpenJDK",
      "install_id": "jdk25",
      "license": "GPL-2.0-only",
      "locked_url": "https://github.com/flox/nixpkgs?rev=6774f7bc253789b113a4f39285dc0fa100abeacc",
      "name": "zulu-ca-jdk-25.0.3",
      "pname": "jdk25",
      "rev": "6774f7bc253789b113a4f39285dc0fa100abeacc",
      "rev_count": 1077996,
      "rev_date": "2026-09-22T03:11:10Z",
      "scrape_date": "2026-09-23T04:58:22.146658Z",
      "stabilities": [
        "unstable"
      ],
      "unfree": false,
      "version": "25.0.3",
      "outputs_to_install": [
        "out"
      ],
      "outputs": {
        "out": "/nix/store/cv14k7dgglyhjqlqpcj0rgrqdbsrvg02-zulu-ca-jdk-25.0.3"
      },
      "system": "aarch64-darwin",
      "group": "toplevel",
      "priority": 5
    },
    {
      "attr_path": "jdk25",
      "broken": false,
      "derivation": "/nix/store/nlq8cwvbhi0j5fqispdysabshgdd427n-openjdk-25.0.4.1+1.drv",
      "description": "Open-source Java Development Kit",
      "install_id": "jdk25",
      "license": "GPL-2.0-only",
      "locked_url": "https://github.com/flox/nixpkgs?rev=6774f7bc253789b113a4f39285dc0fa100abeacc",
      "name": "openjdk-25.0.4.1+1",
      "pname": "jdk25",
      "rev": "6774f7bc253789b113a4f39285dc0fa100abeacc",
      "rev_count": 1077996,
      "rev_date": "2026-09-22T03:11:10Z",
      "scrape_date": "2026-09-23T05:30:01.217119Z",
      "stabilities": [
        "unstable"
      ],
      "unfree": false,
      "version": "25.0.4.1+1",
      "outputs_to_install": [
        "out"
      ],
      "outputs": {
        "debug": "/nix/store/rnazkz0sv75c1vl81m05kwd5g94my964-openjdk-25.0.4.1+1-debug",
        "out": "/nix/store/dl7vqkb450hdgn6h5bqa9fx335jzm9d3-openjdk-25.0.4.1+1"
      },
      "system": "aarch64-linux",
      "group": "toplevel",
      "priority": 5
    },
    {
      "attr_path": "jdk25",
      "broken": false,
      "derivation": "/nix/store/hz3alqbwnkd7g21l2cs6p9msg3rxa7l1-openjdk-25.0.4.1+1.drv",
      "description": "Open-source Java Development Kit",
      "install_id": "jdk25",
      "license": "GPL-2.0-only",
      "locked_url": "https://github.com/flox/nixpkgs?rev=6774f7bc253789b113a4f39285dc0fa100abeacc",
      "name": "openjdk-25.0.4.1+1",
      "pname": "jdk25",
      "rev": "6774f7bc253789b113a4f39285dc0fa100abeacc",
      "rev_count": 1077996,
      "rev_date": "2026-09-22T03:11:10Z",
      "scrape_date": "2026-09-23T06:06:40.825566Z",
      "stabilities": [
        "unstable"
      ],
      "unfree": false,
      "version": "25.0.4.1+1",
      "outputs_to_install": [
        "out"
      ],
      "outputs": {
        "debug": "/nix/store/xxr2nx40lqd45winf7k716w4py09krnb-openjdk-25.0.4.1+1-debug",
        "out": "/nix/store/55y3dbgp7xc1x1c6s0vh8mzf9fprywl2-openjdk-25.0.4.1+1"
      },
      "system": "x86_64-linux",
      "group": "toplevel",
      "priority": 5
    }
  ]
}
