{
  "lockfile-version": 1,
  "manifest": {
    "schema-version": "1.15.0",
    "install": {
      "jdk21": {
        "pkg-path": "jdk21"
      }
    },
    "hook": {},
    "profile": {},
    "options": {}
  },
  "packages": [
    {
      "attr_path": "jdk21",
      "broken": false,
      "derivation": "/nix/store/d6dc3l6w1w8igb2xz44wp692xd2kvhb6-zulu-ca-jdk-21.0.11.drv",
      "description": "Certified builds of OpenJDK",
      "install_id": "jdk21",
      "license": "GPL-2.0-only",
      "locked_url": "https://github.com/flox/nixpkgs?rev=3ed67ec0a4d3c7ab4ae1f04f8ee8df07bfa506a2",
      "name": "zulu-ca-jdk-21.0.11",
      "pname": "jdk21",
      "rev": "3ed67ec0a4d3c7ab4ae1f04f8ee8df07bfa506a2",
      "rev_count": 1066106,
      "rev_date": "2026-09-02T02:38:36Z",
      "scrape_date": "2026-09-04T04:57:47.656048Z",
      "stabilities": [
        "unstable"
      ],
      "unfree": false,
      "version": "21.0.11",
      "outputs_to_install": [
        "out"
      ],
      "outputs": {
        "out": "/nix/store/36hja12smabqn4b8vyqh7kp94fszf5qj-zulu-ca-jdk-21.0.11"
      },
      "system": "aarch64-darwin",
      "group": "toplevel",
      "priority": 5
    },
    {
      "attr_path": "jdk21",
      "broken": false,
      "derivation": "/nix/store/n3dw9k0cp3h6k4zmg5gsav4xv0r1g0cz-openjdk-21.0.12+8.drv",
      "description": "Open-source Java Development Kit",
      "install_id": "jdk21",
      "license": "GPL-2.0-only",
      "locked_url": "https://github.com/flox/nixpkgs?rev=3ed67ec0a4d3c7ab4ae1f04f8ee8df07bfa506a2",
      "name": "openjdk-21.0.12+8",
      "pname": "jdk21",
      "rev": "3ed67ec0a4d3c7ab4ae1f04f8ee8df07bfa506a2",
      "rev_count": 1066106,
      "rev_date": "2026-09-02T02:38:36Z",
      "scrape_date": "2026-09-04T05:29:33.023485Z",
      "stabilities": [
        "unstable"
      ],
      "unfree": false,
      "version": "21.0.12+8",
      "outputs_to_install": [
        "out",
        "out"
      ],
      "outputs": {
        "debug": "/nix/store/cdil72w7rp5a5w49xh0vcqdihfzdj4d5-openjdk-21.0.12+8-debug",
        "out": "/nix/store/sixk04gz0bk9rmbd77fiy60jnsp0zrdf-openjdk-21.0.12+8"
      },
      "system": "aarch64-linux",
      "group": "toplevel",
      "priority": 5
    },
    {
      "attr_path": "jdk21",
      "broken": false,
      "derivation": "/nix/store/kqbgfsahwpp6gbp2ba8lkvlkh0a9bj4j-openjdk-21.0.12+8.drv",
      "description": "Open-source Java Development Kit",
      "install_id": "jdk21",
      "license": "GPL-2.0-only",
      "locked_url": "https://github.com/flox/nixpkgs?rev=3ed67ec0a4d3c7ab4ae1f04f8ee8df07bfa506a2",
      "name": "openjdk-21.0.12+8",
      "pname": "jdk21",
      "rev": "3ed67ec0a4d3c7ab4ae1f04f8ee8df07bfa506a2",
      "rev_count": 1066106,
      "rev_date": "2026-09-02T02:38:36Z",
      "scrape_date": "2026-09-04T06:06:04.924206Z",
      "stabilities": [
        "unstable"
      ],
      "unfree": false,
      "version": "21.0.12+8",
      "outputs_to_install": [
        "out",
        "out"
      ],
      "outputs": {
        "debug": "/nix/store/vk2p43sfpk8fci47v28n1ykf81z111dx-openjdk-21.0.12+8-debug",
        "out": "/nix/store/ij5q131fzyqw8wh76y9nrj5jl45zviqw-openjdk-21.0.12+8"
      },
      "system": "x86_64-linux",
      "group": "toplevel",
      "priority": 5
    }
  ]
}
